// !$*UTF8*$!
{
	archiveVersion = 1;
	classes = {
	};
	objectVersion = 56;
	objects = {

/* Begin PBXBuildFile section */
		BF46A4132BC5672400DC8C90 /* PinnwandCategory.swift in Sources */ = {isa = PBXBuildFile; fileRef = BF46A4122BC5672400DC8C90 /* PinnwandCategory.swift */; };
		BF772EB42BA21221008C901A /* HomeView.swift in Sources */ = {isa = PBXBuildFile; fileRef = BF772EB32BA21220008C901A /* HomeView.swift */; };
		BF772EB62BA21239008C901A /* LetsGoRowingView.swift in Sources */ = {isa = PBXBuildFile; fileRef = BF772EB52BA21239008C901A /* LetsGoRowingView.swift */; };
		BF772EB82BA21257008C901A /* PinnwandView.swift in Sources */ = {isa = PBXBuildFile; fileRef = BF772EB72BA21257008C901A /* PinnwandView.swift */; };
		BF772EBA2BA2126E008C901A /* ChatView.swift in Sources */ = {isa = PBXBuildFile; fileRef = BF772EB92BA2126E008C901A /* ChatView.swift */; };
		BF772EBD2BA30759008C901A /* HomeViewModel.swift in Sources */ = {isa = PBXBuildFile; fileRef = BF772EBC2BA30759008C901A /* HomeViewModel.swift */; };
		BF772EC22BA31B65008C901A /* GalleryImage.swift in Sources */ = {isa = PBXBuildFile; fileRef = BF772EC12BA31B65008C901A /* GalleryImage.swift */; };
		BF772EC42BA32FDB008C901A /* LetsGoRowingRequest.swift in Sources */ = {isa = PBXBuildFile; fileRef = BF772EC32BA32FDB008C901A /* LetsGoRowingRequest.swift */; };
		BF772ECB2BA44A46008C901A /* SkillLevel.swift in Sources */ = {isa = PBXBuildFile; fileRef = BF772ECA2BA44A46008C901A /* SkillLevel.swift */; };
		BF772ECE2BA44EE9008C901A /* BoatType.swift in Sources */ = {isa = PBXBuildFile; fileRef = BF772ECD2BA44EE9008C901A /* BoatType.swift */; };
		BF772ED02BA44F63008C901A /* RowingStyle.swift in Sources */ = {isa = PBXBuildFile; fileRef = BF772ECF2BA44F63008C901A /* RowingStyle.swift */; };
		BF772ED22BA5BD13008C901A /* LetsGoRowingViewModel.swift in Sources */ = {isa = PBXBuildFile; fileRef = BF772ED12BA5BD13008C901A /* LetsGoRowingViewModel.swift */; };
		BF772ED62BA5BD56008C901A /* LetsGoRowingRequestView.swift in Sources */ = {isa = PBXBuildFile; fileRef = BF772ED52BA5BD56008C901A /* LetsGoRowingRequestView.swift */; };
		BF772EDE2BA5E94C008C901A /* SideMenuItem.swift in Sources */ = {isa = PBXBuildFile; fileRef = BF772EDD2BA5E94C008C901A /* SideMenuItem.swift */; };
		BF86E54F2BB43D1400458A72 /* RequestDetailView.swift in Sources */ = {isa = PBXBuildFile; fileRef = BF86E54E2BB43D1400458A72 /* RequestDetailView.swift */; };
		BF86E5522BB5675F00458A72 /* APIWeatherRepo.swift in Sources */ = {isa = PBXBuildFile; fileRef = BF86E5512BB5675F00458A72 /* APIWeatherRepo.swift */; };
		BF86E5552BB56E9F00458A72 /* WeatherApiResponse.swift in Sources */ = {isa = PBXBuildFile; fileRef = BF86E5542BB56E9E00458A72 /* WeatherApiResponse.swift */; };
		BF86E5572BB56EAC00458A72 /* Coordinates.swift in Sources */ = {isa = PBXBuildFile; fileRef = BF86E5562BB56EAC00458A72 /* Coordinates.swift */; };
		BF86E5592BB56EB900458A72 /* Weather.swift in Sources */ = {isa = PBXBuildFile; fileRef = BF86E5582BB56EB900458A72 /* Weather.swift */; };
		BF86E55B2BB56F5000458A72 /* MainWeather.swift in Sources */ = {isa = PBXBuildFile; fileRef = BF86E55A2BB56F5000458A72 /* MainWeather.swift */; };
		BF86E55D2BB5996000458A72 /* ProfilViewModel.swift in Sources */ = {isa = PBXBuildFile; fileRef = BF86E55C2BB5996000458A72 /* ProfilViewModel.swift */; };
		BF86E5602BB5BFCC00458A72 /* Wind.swift in Sources */ = {isa = PBXBuildFile; fileRef = BF86E55F2BB5BFCC00458A72 /* Wind.swift */; };
		BF86E5622BB5BFE700458A72 /* Clouds.swift in Sources */ = {isa = PBXBuildFile; fileRef = BF86E5612BB5BFE700458A72 /* Clouds.swift */; };
		BF86E5642BB5C00000458A72 /* System.swift in Sources */ = {isa = PBXBuildFile; fileRef = BF86E5632BB5C00000458A72 /* System.swift */; };
		BF86E5692BBAF4EB00458A72 /* Pinnwand.swift in Sources */ = {isa = PBXBuildFile; fileRef = BF86E5682BBAF4EB00458A72 /* Pinnwand.swift */; };
		BF86E56E2BBAF82600458A72 /* PinnwandViewModel.swift in Sources */ = {isa = PBXBuildFile; fileRef = BF86E56D2BBAF82600458A72 /* PinnwandViewModel.swift */; };
		BF86E5722BBBD96C00458A72 /* PinnwandAddView.swift in Sources */ = {isa = PBXBuildFile; fileRef = BF86E5712BBBD96C00458A72 /* PinnwandAddView.swift */; };
		BF86E5752BBC3B1200458A72 /* PinnwanndDetailView.swift in Sources */ = {isa = PBXBuildFile; fileRef = BF86E5742BBC3B1200458A72 /* PinnwanndDetailView.swift */; };
		BF86E5772BBC3D0C00458A72 /* Comments.swift in Sources */ = {isa = PBXBuildFile; fileRef = BF86E5762BBC3D0C00458A72 /* Comments.swift */; };
		BF86E5792BBC420600458A72 /* CommentView.swift in Sources */ = {isa = PBXBuildFile; fileRef = BF86E5782BBC420600458A72 /* CommentView.swift */; };
		BF9835582B9F572100F84785 /* BRCApp.swift in Sources */ = {isa = PBXBuildFile; fileRef = BF9835572B9F572100F84785 /* BRCApp.swift */; };
		BF98355A2B9F572100F84785 /* ContentView.swift in Sources */ = {isa = PBXBuildFile; fileRef = BF9835592B9F572100F84785 /* ContentView.swift */; };
		BF98355C2B9F572200F84785 /* Assets.xcassets in Resources */ = {isa = PBXBuildFile; fileRef = BF98355B2B9F572200F84785 /* Assets.xcassets */; };
		BF98355F2B9F572200F84785 /* Preview Assets.xcassets in Resources */ = {isa = PBXBuildFile; fileRef = BF98355E2B9F572200F84785 /* Preview Assets.xcassets */; };
		BF9835692B9F587C00F84785 /* Rower.swift in Sources */ = {isa = PBXBuildFile; fileRef = BF9835682B9F587C00F84785 /* Rower.swift */; };
		BF98356B2B9F599B00F84785 /* FirebaseManager.swift in Sources */ = {isa = PBXBuildFile; fileRef = BF98356A2B9F599B00F84785 /* FirebaseManager.swift */; };
		BF98356E2B9F5B4500F84785 /* AuthenticationViewModel.swift in Sources */ = {isa = PBXBuildFile; fileRef = BF98356D2B9F5B4500F84785 /* AuthenticationViewModel.swift */; };
		BF9835712B9F5B6300F84785 /* AuthenticationView.swift in Sources */ = {isa = PBXBuildFile; fileRef = BF9835702B9F5B6300F84785 /* AuthenticationView.swift */; };
		BF9835732B9F5B8100F84785 /* RegistrationView.swift in Sources */ = {isa = PBXBuildFile; fileRef = BF9835722B9F5B8100F84785 /* RegistrationView.swift */; };
		BF9835752B9F5CC200F84785 /* GoogleService-Info.plist in Resources */ = {isa = PBXBuildFile; fileRef = BF9835742B9F5CC200F84785 /* GoogleService-Info.plist */; };
		BF9835792B9F5D6000F84785 /* FirebaseAnalyticsSwift in Frameworks */ = {isa = PBXBuildFile; productRef = BF9835782B9F5D6000F84785 /* FirebaseAnalyticsSwift */; };
		BF98357B2B9F5D6700F84785 /* FirebaseAnalytics in Frameworks */ = {isa = PBXBuildFile; productRef = BF98357A2B9F5D6700F84785 /* FirebaseAnalytics */; };
		BF98357D2B9F5D6D00F84785 /* FirebaseAnalyticsOnDeviceConversion in Frameworks */ = {isa = PBXBuildFile; productRef = BF98357C2B9F5D6D00F84785 /* FirebaseAnalyticsOnDeviceConversion */; };
		BF98357F2B9F5D7200F84785 /* FirebaseAppCheck in Frameworks */ = {isa = PBXBuildFile; productRef = BF98357E2B9F5D7200F84785 /* FirebaseAppCheck */; };
		BF9835812B9F5D7600F84785 /* FirebaseAuth in Frameworks */ = {isa = PBXBuildFile; productRef = BF9835802B9F5D7600F84785 /* FirebaseAuth */; };
		BF9835832B9F5D7C00F84785 /* FirebaseFirestore in Frameworks */ = {isa = PBXBuildFile; productRef = BF9835822B9F5D7C00F84785 /* FirebaseFirestore */; };
		BF9835852B9F5D8200F84785 /* FirebaseAnalyticsWithoutAdIdSupport in Frameworks */ = {isa = PBXBuildFile; productRef = BF9835842B9F5D8200F84785 /* FirebaseAnalyticsWithoutAdIdSupport */; };
		BF9835872B9F5D8700F84785 /* FirebaseCrashlytics in Frameworks */ = {isa = PBXBuildFile; productRef = BF9835862B9F5D8700F84785 /* FirebaseCrashlytics */; };
		BF9835892B9F5D9000F84785 /* FirebaseFirestoreSwift in Frameworks */ = {isa = PBXBuildFile; productRef = BF9835882B9F5D9000F84785 /* FirebaseFirestoreSwift */; };
		BF98358B2BA07D5600F84785 /* MainTabView.swift in Sources */ = {isa = PBXBuildFile; fileRef = BF98358A2BA07D5600F84785 /* MainTabView.swift */; };
		BFCD71E72BA84435001F5D8B /* SettingsView.swift in Sources */ = {isa = PBXBuildFile; fileRef = BFCD71E62BA84435001F5D8B /* SettingsView.swift */; };
		BFCD71E92BA8444B001F5D8B /* ProfilView.swift in Sources */ = {isa = PBXBuildFile; fileRef = BFCD71E82BA8444B001F5D8B /* ProfilView.swift */; };
		BFCD71EB2BA8446D001F5D8B /* ClubInfoView.swift in Sources */ = {isa = PBXBuildFile; fileRef = BFCD71EA2BA8446D001F5D8B /* ClubInfoView.swift */; };
		BFCD71ED2BA846DC001F5D8B /* SideMenuView.swift in Sources */ = {isa = PBXBuildFile; fileRef = BFCD71EC2BA846DC001F5D8B /* SideMenuView.swift */; };
		BFCD71F22BACE58A001F5D8B /* RequestView.swift in Sources */ = {isa = PBXBuildFile; fileRef = BFCD71F12BACE58A001F5D8B /* RequestView.swift */; };
		BFCD71F72BADB3DC001F5D8B /* LGRVFilterEnum.swift in Sources */ = {isa = PBXBuildFile; fileRef = BFCD71F62BADB3DC001F5D8B /* LGRVFilterEnum.swift */; };
/* End PBXBuildFile section */

/* Begin PBXFileReference section */
		BF46A4122BC5672400DC8C90 /* PinnwandCategory.swift */ = {isa = PBXFileReference; lastKnownFileType = sourcecode.swift; path = PinnwandCategory.swift; sourceTree = "<group>"; };
		BF772EB32BA21220008C901A /* HomeView.swift */ = {isa = PBXFileReference; lastKnownFileType = sourcecode.swift; path = HomeView.swift; sourceTree = "<group>"; };
		BF772EB52BA21239008C901A /* LetsGoRowingView.swift */ = {isa = PBXFileReference; lastKnownFileType = sourcecode.swift; path = LetsGoRowingView.swift; sourceTree = "<group>"; };
		BF772EB72BA21257008C901A /* PinnwandView.swift */ = {isa = PBXFileReference; lastKnownFileType = sourcecode.swift; path = PinnwandView.swift; sourceTree = "<group>"; };
		BF772EB92BA2126E008C901A /* ChatView.swift */ = {isa = PBXFileReference; lastKnownFileType = sourcecode.swift; path = ChatView.swift; sourceTree = "<group>"; };
		BF772EBC2BA30759008C901A /* HomeViewModel.swift */ = {isa = PBXFileReference; lastKnownFileType = sourcecode.swift; path = HomeViewModel.swift; sourceTree = "<group>"; };
		BF772EC12BA31B65008C901A /* GalleryImage.swift */ = {isa = PBXFileReference; lastKnownFileType = sourcecode.swift; path = GalleryImage.swift; sourceTree = "<group>"; };
		BF772EC32BA32FDB008C901A /* LetsGoRowingRequest.swift */ = {isa = PBXFileReference; lastKnownFileType = sourcecode.swift; path = LetsGoRowingRequest.swift; sourceTree = "<group>"; };
		BF772ECA2BA44A46008C901A /* SkillLevel.swift */ = {isa = PBXFileReference; lastKnownFileType = sourcecode.swift; path = SkillLevel.swift; sourceTree = "<group>"; };
		BF772ECD2BA44EE9008C901A /* BoatType.swift */ = {isa = PBXFileReference; lastKnownFileType = sourcecode.swift; path = BoatType.swift; sourceTree = "<group>"; };
		BF772ECF2BA44F63008C901A /* RowingStyle.swift */ = {isa = PBXFileReference; lastKnownFileType = sourcecode.swift; path = RowingStyle.swift; sourceTree = "<group>"; };
		BF772ED12BA5BD13008C901A /* LetsGoRowingViewModel.swift */ = {isa = PBXFileReference; lastKnownFileType = sourcecode.swift; path = LetsGoRowingViewModel.swift; sourceTree = "<group>"; };
		BF772ED52BA5BD56008C901A /* LetsGoRowingRequestView.swift */ = {isa = PBXFileReference; lastKnownFileType = sourcecode.swift; path = LetsGoRowingRequestView.swift; sourceTree = "<group>"; };
		BF772EDD2BA5E94C008C901A /* SideMenuItem.swift */ = {isa = PBXFileReference; lastKnownFileType = sourcecode.swift; path = SideMenuItem.swift; sourceTree = "<group>"; };
		BF86E54E2BB43D1400458A72 /* RequestDetailView.swift */ = {isa = PBXFileReference; lastKnownFileType = sourcecode.swift; path = RequestDetailView.swift; sourceTree = "<group>"; };
		BF86E5512BB5675F00458A72 /* APIWeatherRepo.swift */ = {isa = PBXFileReference; lastKnownFileType = sourcecode.swift; path = APIWeatherRepo.swift; sourceTree = "<group>"; };
		BF86E5542BB56E9E00458A72 /* WeatherApiResponse.swift */ = {isa = PBXFileReference; lastKnownFileType = sourcecode.swift; path = WeatherApiResponse.swift; sourceTree = "<group>"; };
		BF86E5562BB56EAC00458A72 /* Coordinates.swift */ = {isa = PBXFileReference; lastKnownFileType = sourcecode.swift; path = Coordinates.swift; sourceTree = "<group>"; };
		BF86E5582BB56EB900458A72 /* Weather.swift */ = {isa = PBXFileReference; lastKnownFileType = sourcecode.swift; path = Weather.swift; sourceTree = "<group>"; };
		BF86E55A2BB56F5000458A72 /* MainWeather.swift */ = {isa = PBXFileReference; lastKnownFileType = sourcecode.swift; path = MainWeather.swift; sourceTree = "<group>"; };
		BF86E55C2BB5996000458A72 /* ProfilViewModel.swift */ = {isa = PBXFileReference; lastKnownFileType = sourcecode.swift; path = ProfilViewModel.swift; sourceTree = "<group>"; };
		BF86E55F2BB5BFCC00458A72 /* Wind.swift */ = {isa = PBXFileReference; lastKnownFileType = sourcecode.swift; path = Wind.swift; sourceTree = "<group>"; };
		BF86E5612BB5BFE700458A72 /* Clouds.swift */ = {isa = PBXFileReference; lastKnownFileType = sourcecode.swift; path = Clouds.swift; sourceTree = "<group>"; };
		BF86E5632BB5C00000458A72 /* System.swift */ = {isa = PBXFileReference; lastKnownFileType = sourcecode.swift; path = System.swift; sourceTree = "<group>"; };
		BF86E5682BBAF4EB00458A72 /* Pinnwand.swift */ = {isa = PBXFileReference; lastKnownFileType = sourcecode.swift; path = Pinnwand.swift; sourceTree = "<group>"; };
		BF86E56D2BBAF82600458A72 /* PinnwandViewModel.swift */ = {isa = PBXFileReference; lastKnownFileType = sourcecode.swift; path = PinnwandViewModel.swift; sourceTree = "<group>"; };
		BF86E5712BBBD96C00458A72 /* PinnwandAddView.swift */ = {isa = PBXFileReference; lastKnownFileType = sourcecode.swift; path = PinnwandAddView.swift; sourceTree = "<group>"; };
		BF86E5742BBC3B1200458A72 /* PinnwanndDetailView.swift */ = {isa = PBXFileReference; lastKnownFileType = sourcecode.swift; path = PinnwanndDetailView.swift; sourceTree = "<group>"; };
		BF86E5762BBC3D0C00458A72 /* Comments.swift */ = {isa = PBXFileReference; lastKnownFileType = sourcecode.swift; path = Comments.swift; sourceTree = "<group>"; };
		BF86E5782BBC420600458A72 /* CommentView.swift */ = {isa = PBXFileReference; lastKnownFileType = sourcecode.swift; path = CommentView.swift; sourceTree = "<group>"; };
		BF9835542B9F572100F84785 /* BRCApp.app */ = {isa = PBXFileReference; explicitFileType = wrapper.application; includeInIndex = 0; path = BRCApp.app; sourceTree = BUILT_PRODUCTS_DIR; };
		BF9835572B9F572100F84785 /* BRCApp.swift */ = {isa = PBXFileReference; lastKnownFileType = sourcecode.swift; path = BRCApp.swift; sourceTree = "<group>"; };
		BF9835592B9F572100F84785 /* ContentView.swift */ = {isa = PBXFileReference; lastKnownFileType = sourcecode.swift; path = ContentView.swift; sourceTree = "<group>"; };
		BF98355B2B9F572200F84785 /* Assets.xcassets */ = {isa = PBXFileReference; lastKnownFileType = folder.assetcatalog; path = Assets.xcassets; sourceTree = "<group>"; };
		BF98355E2B9F572200F84785 /* Preview Assets.xcassets */ = {isa = PBXFileReference; lastKnownFileType = folder.assetcatalog; path = "Preview Assets.xcassets"; sourceTree = "<group>"; };
		BF9835682B9F587C00F84785 /* Rower.swift */ = {isa = PBXFileReference; lastKnownFileType = sourcecode.swift; path = Rower.swift; sourceTree = "<group>"; };
		BF98356A2B9F599B00F84785 /* FirebaseManager.swift */ = {isa = PBXFileReference; lastKnownFileType = sourcecode.swift; path = FirebaseManager.swift; sourceTree = "<group>"; };
		BF98356D2B9F5B4500F84785 /* AuthenticationViewModel.swift */ = {isa = PBXFileReference; lastKnownFileType = sourcecode.swift; path = AuthenticationViewModel.swift; sourceTree = "<group>"; };
		BF9835702B9F5B6300F84785 /* AuthenticationView.swift */ = {isa = PBXFileReference; lastKnownFileType = sourcecode.swift; path = AuthenticationView.swift; sourceTree = "<group>"; };
		BF9835722B9F5B8100F84785 /* RegistrationView.swift */ = {isa = PBXFileReference; lastKnownFileType = sourcecode.swift; path = RegistrationView.swift; sourceTree = "<group>"; };
		BF9835742B9F5CC200F84785 /* GoogleService-Info.plist */ = {isa = PBXFileReference; fileEncoding = 4; lastKnownFileType = text.plist.xml; path = "GoogleService-Info.plist"; sourceTree = "<group>"; };
		BF98358A2BA07D5600F84785 /* MainTabView.swift */ = {isa = PBXFileReference; lastKnownFileType = sourcecode.swift; path = MainTabView.swift; sourceTree = "<group>"; };
		BFCD71E62BA84435001F5D8B /* SettingsView.swift */ = {isa = PBXFileReference; lastKnownFileType = sourcecode.swift; path = SettingsView.swift; sourceTree = "<group>"; };
		BFCD71E82BA8444B001F5D8B /* ProfilView.swift */ = {isa = PBXFileReference; lastKnownFileType = sourcecode.swift; path = ProfilView.swift; sourceTree = "<group>"; };
		BFCD71EA2BA8446D001F5D8B /* ClubInfoView.swift */ = {isa = PBXFileReference; lastKnownFileType = sourcecode.swift; path = ClubInfoView.swift; sourceTree = "<group>"; };
		BFCD71EC2BA846DC001F5D8B /* SideMenuView.swift */ = {isa = PBXFileReference; lastKnownFileType = sourcecode.swift; path = SideMenuView.swift; sourceTree = "<group>"; };
		BFCD71F12BACE58A001F5D8B /* RequestView.swift */ = {isa = PBXFileReference; lastKnownFileType = sourcecode.swift; path = RequestView.swift; sourceTree = "<group>"; };
		BFCD71F62BADB3DC001F5D8B /* LGRVFilterEnum.swift */ = {isa = PBXFileReference; lastKnownFileType = sourcecode.swift; path = LGRVFilterEnum.swift; sourceTree = "<group>"; };
/* End PBXFileReference section */

/* Begin PBXFrameworksBuildPhase section */
		BF9835512B9F572100F84785 /* Frameworks */ = {
			isa = PBXFrameworksBuildPhase;
			buildActionMask = 2147483647;
			files = (
				BF98357F2B9F5D7200F84785 /* FirebaseAppCheck in Frameworks */,
				BF9835812B9F5D7600F84785 /* FirebaseAuth in Frameworks */,
				BF98357B2B9F5D6700F84785 /* FirebaseAnalytics in Frameworks */,
				BF98357D2B9F5D6D00F84785 /* FirebaseAnalyticsOnDeviceConversion in Frameworks */,
				BF9835852B9F5D8200F84785 /* FirebaseAnalyticsWithoutAdIdSupport in Frameworks */,
				BF9835872B9F5D8700F84785 /* FirebaseCrashlytics in Frameworks */,
				BF9835792B9F5D6000F84785 /* FirebaseAnalyticsSwift in Frameworks */,
				BF9835832B9F5D7C00F84785 /* FirebaseFirestore in Frameworks */,
				BF9835892B9F5D9000F84785 /* FirebaseFirestoreSwift in Frameworks */,
			);
			runOnlyForDeploymentPostprocessing = 0;
		};
/* End PBXFrameworksBuildPhase section */

/* Begin PBXGroup section */
		BF772EBB2BA30741008C901A /* HomeView */ = {
			isa = PBXGroup;
			children = (
				BF772EB32BA21220008C901A /* HomeView.swift */,
				BF772EBC2BA30759008C901A /* HomeViewModel.swift */,
				BF772EDA2BA5E67F008C901A /* SideMenü */,
			);
			path = HomeView;
			sourceTree = "<group>";
		};
		BF772EC72BA449E6008C901A /* User */ = {
			isa = PBXGroup;
			children = (
				BF9835682B9F587C00F84785 /* Rower.swift */,
			);
			path = User;
			sourceTree = "<group>";
		};
		BF772EC82BA449F6008C901A /* LetsGoRowing */ = {
			isa = PBXGroup;
			children = (
				BF772EC32BA32FDB008C901A /* LetsGoRowingRequest.swift */,
				BF772ECC2BA44D40008C901A /* BoatClass */,
			);
			path = LetsGoRowing;
			sourceTree = "<group>";
		};
		BF772EC92BA44A10008C901A /* ImageGallery */ = {
			isa = PBXGroup;
			children = (
				BF772EC12BA31B65008C901A /* GalleryImage.swift */,
			);
			path = ImageGallery;
			sourceTree = "<group>";
		};
		BF772ECC2BA44D40008C901A /* BoatClass */ = {
			isa = PBXGroup;
			children = (
				BF772ECD2BA44EE9008C901A /* BoatType.swift */,
				BF772ECF2BA44F63008C901A /* RowingStyle.swift */,
				BF772ECA2BA44A46008C901A /* SkillLevel.swift */,
			);
			path = BoatClass;
			sourceTree = "<group>";
		};
		BF772ED32BA5BD17008C901A /* LetsGoRowingView */ = {
			isa = PBXGroup;
			children = (
				BF772EB52BA21239008C901A /* LetsGoRowingView.swift */,
				BFCD71F12BACE58A001F5D8B /* RequestView.swift */,
				BF86E54E2BB43D1400458A72 /* RequestDetailView.swift */,
				BF772ED52BA5BD56008C901A /* LetsGoRowingRequestView.swift */,
				BF772ED42BA5BD39008C901A /* LetsGoRowingViewModel */,
			);
			path = LetsGoRowingView;
			sourceTree = "<group>";
		};
		BF772ED42BA5BD39008C901A /* LetsGoRowingViewModel */ = {
			isa = PBXGroup;
			children = (
				BF772ED12BA5BD13008C901A /* LetsGoRowingViewModel.swift */,
			);
			path = LetsGoRowingViewModel;
			sourceTree = "<group>";
		};
		BF772EDA2BA5E67F008C901A /* SideMenü */ = {
			isa = PBXGroup;
			children = (
				BFCD71EC2BA846DC001F5D8B /* SideMenuView.swift */,
			);
			name = "SideMenü";
			path = "SideMenü";
			sourceTree = "<group>";
		};
		BF86E5502BB5673B00458A72 /* Repositories */ = {
			isa = PBXGroup;
			children = (
				BF86E5512BB5675F00458A72 /* APIWeatherRepo.swift */,
			);
			path = Repositories;
			sourceTree = "<group>";
		};
		BF86E5532BB56E8200458A72 /* WeatherAPI */ = {
			isa = PBXGroup;
			children = (
				BF86E5542BB56E9E00458A72 /* WeatherApiResponse.swift */,
				BF86E5562BB56EAC00458A72 /* Coordinates.swift */,
				BF86E5582BB56EB900458A72 /* Weather.swift */,
				BF86E55A2BB56F5000458A72 /* MainWeather.swift */,
				BF86E55F2BB5BFCC00458A72 /* Wind.swift */,
				BF86E5612BB5BFE700458A72 /* Clouds.swift */,
				BF86E5632BB5C00000458A72 /* System.swift */,
			);
			path = WeatherAPI;
			sourceTree = "<group>";
		};
		BF86E55E2BB5A7A000458A72 /* ProfilView */ = {
			isa = PBXGroup;
			children = (
				BFCD71E82BA8444B001F5D8B /* ProfilView.swift */,
				BF86E55C2BB5996000458A72 /* ProfilViewModel.swift */,
			);
			path = ProfilView;
			sourceTree = "<group>";
		};
		BF86E5672BBAF4D100458A72 /* PinnwandPost */ = {
			isa = PBXGroup;
			children = (
				BF86E5682BBAF4EB00458A72 /* Pinnwand.swift */,
				BF86E5762BBC3D0C00458A72 /* Comments.swift */,
				BF46A4122BC5672400DC8C90 /* PinnwandCategory.swift */,
			);
			path = PinnwandPost;
			sourceTree = "<group>";
		};
		BF86E56A2BBAF77C00458A72 /* Pinnwand */ = {
			isa = PBXGroup;
			children = (
				BF772EB72BA21257008C901A /* PinnwandView.swift */,
				BF86E5742BBC3B1200458A72 /* PinnwanndDetailView.swift */,
				BF86E5782BBC420600458A72 /* CommentView.swift */,
				BF86E5712BBBD96C00458A72 /* PinnwandAddView.swift */,
				BF86E5732BBBEBB100458A72 /* PinnwandViewModel */,
			);
			path = Pinnwand;
			sourceTree = "<group>";
		};
		BF86E5732BBBEBB100458A72 /* PinnwandViewModel */ = {
			isa = PBXGroup;
			children = (
				BF86E56D2BBAF82600458A72 /* PinnwandViewModel.swift */,
			);
			path = PinnwandViewModel;
			sourceTree = "<group>";
		};
		BF98354B2B9F572100F84785 = {
			isa = PBXGroup;
			children = (
				BF9835562B9F572100F84785 /* BRCApp */,
				BF9835552B9F572100F84785 /* Products */,
				BF9835772B9F5D6000F84785 /* Frameworks */,
			);
			sourceTree = "<group>";
		};
		BF9835552B9F572100F84785 /* Products */ = {
			isa = PBXGroup;
			children = (
				BF9835542B9F572100F84785 /* BRCApp.app */,
			);
			name = Products;
			sourceTree = "<group>";
		};
		BF9835562B9F572100F84785 /* BRCApp */ = {
			isa = PBXGroup;
			children = (
				BF86E5502BB5673B00458A72 /* Repositories */,
				BF9835662B9F584600F84785 /* Models */,
				BF9835652B9F583E00F84785 /* View */,
				BF9835572B9F572100F84785 /* BRCApp.swift */,
				BF9835592B9F572100F84785 /* ContentView.swift */,
				BF98355B2B9F572200F84785 /* Assets.xcassets */,
				BF9835742B9F5CC200F84785 /* GoogleService-Info.plist */,
				BF98355D2B9F572200F84785 /* Preview Content */,
			);
			path = BRCApp;
			sourceTree = "<group>";
		};
		BF98355D2B9F572200F84785 /* Preview Content */ = {
			isa = PBXGroup;
			children = (
				BF98355E2B9F572200F84785 /* Preview Assets.xcassets */,
			);
			path = "Preview Content";
			sourceTree = "<group>";
		};
		BF9835652B9F583E00F84785 /* View */ = {
			isa = PBXGroup;
			children = (
				BF98358A2BA07D5600F84785 /* MainTabView.swift */,
				BF772EBB2BA30741008C901A /* HomeView */,
				BF772ED32BA5BD17008C901A /* LetsGoRowingView */,
				BF86E56A2BBAF77C00458A72 /* Pinnwand */,
				BF772EB92BA2126E008C901A /* ChatView.swift */,
				BFCD71E62BA84435001F5D8B /* SettingsView.swift */,
				BF86E55E2BB5A7A000458A72 /* ProfilView */,
				BFCD71EA2BA8446D001F5D8B /* ClubInfoView.swift */,
				BF98356F2B9F5B4C00F84785 /* AuthenticationView */,
			);
			path = View;
			sourceTree = "<group>";
		};
		BF9835662B9F584600F84785 /* Models */ = {
			isa = PBXGroup;
			children = (
				BF98356A2B9F599B00F84785 /* FirebaseManager.swift */,
				BF86E5532BB56E8200458A72 /* WeatherAPI */,
				BF86E5672BBAF4D100458A72 /* PinnwandPost */,
				BF772EC72BA449E6008C901A /* User */,
				BF772EC82BA449F6008C901A /* LetsGoRowing */,
				BF772EC92BA44A10008C901A /* ImageGallery */,
				BFCD71F52BADB38F001F5D8B /* LGRVFilterEnum */,
				BFCD71EE2BA8672E001F5D8B /* HamburgerMenu */,
			);
			path = Models;
			sourceTree = "<group>";
		};
		BF98356C2B9F5B3E00F84785 /* AuthenticationViewModel */ = {
			isa = PBXGroup;
			children = (
				BF98356D2B9F5B4500F84785 /* AuthenticationViewModel.swift */,
			);
			path = AuthenticationViewModel;
			sourceTree = "<group>";
		};
		BF98356F2B9F5B4C00F84785 /* AuthenticationView */ = {
			isa = PBXGroup;
			children = (
				BF9835702B9F5B6300F84785 /* AuthenticationView.swift */,
				BF9835722B9F5B8100F84785 /* RegistrationView.swift */,
				BF98356C2B9F5B3E00F84785 /* AuthenticationViewModel */,
			);
			path = AuthenticationView;
			sourceTree = "<group>";
		};
		BF9835772B9F5D6000F84785 /* Frameworks */ = {
			isa = PBXGroup;
			children = (
			);
			name = Frameworks;
			sourceTree = "<group>";
		};
		BFCD71EE2BA8672E001F5D8B /* HamburgerMenu */ = {
			isa = PBXGroup;
			children = (
				BF772EDD2BA5E94C008C901A /* SideMenuItem.swift */,
			);
			name = HamburgerMenu;
			path = "HamburgerMenü";
			sourceTree = "<group>";
		};
		BFCD71F52BADB38F001F5D8B /* LGRVFilterEnum */ = {
			isa = PBXGroup;
			children = (
				BFCD71F62BADB3DC001F5D8B /* LGRVFilterEnum.swift */,
			);
			path = LGRVFilterEnum;
			sourceTree = "<group>";
		};
/* End PBXGroup section */

/* Begin PBXNativeTarget section */
		BF9835532B9F572100F84785 /* BRCApp */ = {
			isa = PBXNativeTarget;
			buildConfigurationList = BF9835622B9F572200F84785 /* Build configuration list for PBXNativeTarget "BRCApp" */;
			buildPhases = (
				BF9835502B9F572100F84785 /* Sources */,
				BF9835512B9F572100F84785 /* Frameworks */,
				BF9835522B9F572100F84785 /* Resources */,
			);
			buildRules = (
			);
			dependencies = (
			);
			name = BRCApp;
			packageProductDependencies = (
				BF9835782B9F5D6000F84785 /* FirebaseAnalyticsSwift */,
				BF98357A2B9F5D6700F84785 /* FirebaseAnalytics */,
				BF98357C2B9F5D6D00F84785 /* FirebaseAnalyticsOnDeviceConversion */,
				BF98357E2B9F5D7200F84785 /* FirebaseAppCheck */,
				BF9835802B9F5D7600F84785 /* FirebaseAuth */,
				BF9835822B9F5D7C00F84785 /* FirebaseFirestore */,
				BF9835842B9F5D8200F84785 /* FirebaseAnalyticsWithoutAdIdSupport */,
				BF9835862B9F5D8700F84785 /* FirebaseCrashlytics */,
				BF9835882B9F5D9000F84785 /* FirebaseFirestoreSwift */,
			);
			productName = BRCApp;
			productReference = BF9835542B9F572100F84785 /* BRCApp.app */;
			productType = "com.apple.product-type.application";
		};
/* End PBXNativeTarget section */

/* Begin PBXProject section */
		BF98354C2B9F572100F84785 /* Project object */ = {
			isa = PBXProject;
			attributes = {
				BuildIndependentTargetsInParallel = 1;
				LastSwiftUpdateCheck = 1530;
				LastUpgradeCheck = 1530;
				TargetAttributes = {
					BF9835532B9F572100F84785 = {
						CreatedOnToolsVersion = 15.3;
					};
				};
			};
			buildConfigurationList = BF98354F2B9F572100F84785 /* Build configuration list for PBXProject "BRCApp" */;
			compatibilityVersion = "Xcode 14.0";
			developmentRegion = en;
			hasScannedForEncodings = 0;
			knownRegions = (
				en,
				Base,
			);
			mainGroup = BF98354B2B9F572100F84785;
			packageReferences = (
				BF9835762B9F5D2700F84785 /* XCRemoteSwiftPackageReference "firebase-ios-sdk" */,
			);
			productRefGroup = BF9835552B9F572100F84785 /* Products */;
			projectDirPath = "";
			projectRoot = "";
			targets = (
				BF9835532B9F572100F84785 /* BRCApp */,
			);
		};
/* End PBXProject section */

/* Begin PBXResourcesBuildPhase section */
		BF9835522B9F572100F84785 /* Resources */ = {
			isa = PBXResourcesBuildPhase;
			buildActionMask = 2147483647;
			files = (
				BF98355F2B9F572200F84785 /* Preview Assets.xcassets in Resources */,
				BF98355C2B9F572200F84785 /* Assets.xcassets in Resources */,
				BF9835752B9F5CC200F84785 /* GoogleService-Info.plist in Resources */,
			);
			runOnlyForDeploymentPostprocessing = 0;
		};
/* End PBXResourcesBuildPhase section */

/* Begin PBXSourcesBuildPhase section */
		BF9835502B9F572100F84785 /* Sources */ = {
			isa = PBXSourcesBuildPhase;
			buildActionMask = 2147483647;
			files = (
				BF772EB42BA21221008C901A /* HomeView.swift in Sources */,
				BF86E5522BB5675F00458A72 /* APIWeatherRepo.swift in Sources */,
				BF772EB82BA21257008C901A /* PinnwandView.swift in Sources */,
				BF86E5642BB5C00000458A72 /* System.swift in Sources */,
				BF98356B2B9F599B00F84785 /* FirebaseManager.swift in Sources */,
				BF772EC42BA32FDB008C901A /* LetsGoRowingRequest.swift in Sources */,
				BF772ED02BA44F63008C901A /* RowingStyle.swift in Sources */,
				BF86E5752BBC3B1200458A72 /* PinnwanndDetailView.swift in Sources */,
				BF772EB62BA21239008C901A /* LetsGoRowingView.swift in Sources */,
				BF772ED22BA5BD13008C901A /* LetsGoRowingViewModel.swift in Sources */,
				BF46A4132BC5672400DC8C90 /* PinnwandCategory.swift in Sources */,
				BF86E5572BB56EAC00458A72 /* Coordinates.swift in Sources */,
				BF772EBA2BA2126E008C901A /* ChatView.swift in Sources */,
				BF772ED62BA5BD56008C901A /* LetsGoRowingRequestView.swift in Sources */,
				BF772EDE2BA5E94C008C901A /* SideMenuItem.swift in Sources */,
				BF98356E2B9F5B4500F84785 /* AuthenticationViewModel.swift in Sources */,
				BFCD71EB2BA8446D001F5D8B /* ClubInfoView.swift in Sources */,
				BFCD71E92BA8444B001F5D8B /* ProfilView.swift in Sources */,
				BF86E5772BBC3D0C00458A72 /* Comments.swift in Sources */,
				BFCD71F22BACE58A001F5D8B /* RequestView.swift in Sources */,
				BF86E5602BB5BFCC00458A72 /* Wind.swift in Sources */,
				BFCD71ED2BA846DC001F5D8B /* SideMenuView.swift in Sources */,
				BF86E5592BB56EB900458A72 /* Weather.swift in Sources */,
				BF772EC22BA31B65008C901A /* GalleryImage.swift in Sources */,
				BF86E5552BB56E9F00458A72 /* WeatherApiResponse.swift in Sources */,
				BF86E55D2BB5996000458A72 /* ProfilViewModel.swift in Sources */,
				BF772ECE2BA44EE9008C901A /* BoatType.swift in Sources */,
				BF86E56E2BBAF82600458A72 /* PinnwandViewModel.swift in Sources */,
				BF86E55B2BB56F5000458A72 /* MainWeather.swift in Sources */,
				BF86E54F2BB43D1400458A72 /* RequestDetailView.swift in Sources */,
				BF772ECB2BA44A46008C901A /* SkillLevel.swift in Sources */,
				BF9835712B9F5B6300F84785 /* AuthenticationView.swift in Sources */,
				BFCD71F72BADB3DC001F5D8B /* LGRVFilterEnum.swift in Sources */,
				BF9835732B9F5B8100F84785 /* RegistrationView.swift in Sources */,
				BF772EBD2BA30759008C901A /* HomeViewModel.swift in Sources */,
				BF98355A2B9F572100F84785 /* ContentView.swift in Sources */,
				BF98358B2BA07D5600F84785 /* MainTabView.swift in Sources */,
				BF9835582B9F572100F84785 /* BRCApp.swift in Sources */,
				BF86E5722BBBD96C00458A72 /* PinnwandAddView.swift in Sources */,
				BF86E5692BBAF4EB00458A72 /* Pinnwand.swift in Sources */,
				BF86E5622BB5BFE700458A72 /* Clouds.swift in Sources */,
				BF9835692B9F587C00F84785 /* Rower.swift in Sources */,
				BFCD71E72BA84435001F5D8B /* SettingsView.swift in Sources */,
				BF86E5792BBC420600458A72 /* CommentView.swift in Sources */,
			);
			runOnlyForDeploymentPostprocessing = 0;
		};
/* End PBXSourcesBuildPhase section */

/* Begin XCBuildConfiguration section */
		BF9835602B9F572200F84785 /* Debug */ = {
			isa = XCBuildConfiguration;
			buildSettings = {
				ALWAYS_SEARCH_USER_PATHS = NO;
				ASSETCATALOG_COMPILER_GENERATE_SWIFT_ASSET_SYMBOL_EXTENSIONS = YES;
				CLANG_ANALYZER_NONNULL = YES;
				CLANG_ANALYZER_NUMBER_OBJECT_CONVERSION = YES_AGGRESSIVE;
				CLANG_CXX_LANGUAGE_STANDARD = "gnu++20";
				CLANG_ENABLE_MODULES = YES;
				CLANG_ENABLE_OBJC_ARC = YES;
				CLANG_ENABLE_OBJC_WEAK = YES;
				CLANG_WARN_BLOCK_CAPTURE_AUTORELEASING = YES;
				CLANG_WARN_BOOL_CONVERSION = YES;
				CLANG_WARN_COMMA = YES;
				CLANG_WARN_CONSTANT_CONVERSION = YES;
				CLANG_WARN_DEPRECATED_OBJC_IMPLEMENTATIONS = YES;
				CLANG_WARN_DIRECT_OBJC_ISA_USAGE = YES_ERROR;
				CLANG_WARN_DOCUMENTATION_COMMENTS = YES;
				CLANG_WARN_EMPTY_BODY = YES;
				CLANG_WARN_ENUM_CONVERSION = YES;
				CLANG_WARN_INFINITE_RECURSION = YES;
				CLANG_WARN_INT_CONVERSION = YES;
				CLANG_WARN_NON_LITERAL_NULL_CONVERSION = YES;
				CLANG_WARN_OBJC_IMPLICIT_RETAIN_SELF = YES;
				CLANG_WARN_OBJC_LITERAL_CONVERSION = YES;
				CLANG_WARN_OBJC_ROOT_CLASS = YES_ERROR;
				CLANG_WARN_QUOTED_INCLUDE_IN_FRAMEWORK_HEADER = YES;
				CLANG_WARN_RANGE_LOOP_ANALYSIS = YES;
				CLANG_WARN_STRICT_PROTOTYPES = YES;
				CLANG_WARN_SUSPICIOUS_MOVE = YES;
				CLANG_WARN_UNGUARDED_AVAILABILITY = YES_AGGRESSIVE;
				CLANG_WARN_UNREACHABLE_CODE = YES;
				CLANG_WARN__DUPLICATE_METHOD_MATCH = YES;
				COPY_PHASE_STRIP = NO;
				DEBUG_INFORMATION_FORMAT = dwarf;
				ENABLE_STRICT_OBJC_MSGSEND = YES;
				ENABLE_TESTABILITY = YES;
				ENABLE_USER_SCRIPT_SANDBOXING = YES;
				GCC_C_LANGUAGE_STANDARD = gnu17;
				GCC_DYNAMIC_NO_PIC = NO;
				GCC_NO_COMMON_BLOCKS = YES;
				GCC_OPTIMIZATION_LEVEL = 0;
				GCC_PREPROCESSOR_DEFINITIONS = (
					"DEBUG=1",
					"$(inherited)",
				);
				GCC_WARN_64_TO_32_BIT_CONVERSION = YES;
				GCC_WARN_ABOUT_RETURN_TYPE = YES_ERROR;
				GCC_WARN_UNDECLARED_SELECTOR = YES;
				GCC_WARN_UNINITIALIZED_AUTOS = YES_AGGRESSIVE;
				GCC_WARN_UNUSED_FUNCTION = YES;
				GCC_WARN_UNUSED_VARIABLE = YES;
				IPHONEOS_DEPLOYMENT_TARGET = 17.4;
				LOCALIZATION_PREFERS_STRING_CATALOGS = YES;
				MTL_ENABLE_DEBUG_INFO = INCLUDE_SOURCE;
				MTL_FAST_MATH = YES;
				ONLY_ACTIVE_ARCH = YES;
				SDKROOT = iphoneos;
				SWIFT_ACTIVE_COMPILATION_CONDITIONS = "DEBUG $(inherited)";
				SWIFT_OPTIMIZATION_LEVEL = "-Onone";
			};
			name = Debug;
		};
		BF9835612B9F572200F84785 /* Release */ = {
			isa = XCBuildConfiguration;
			buildSettings = {
				ALWAYS_SEARCH_USER_PATHS = NO;
				ASSETCATALOG_COMPILER_GENERATE_SWIFT_ASSET_SYMBOL_EXTENSIONS = YES;
				CLANG_ANALYZER_NONNULL = YES;
				CLANG_ANALYZER_NUMBER_OBJECT_CONVERSION = YES_AGGRESSIVE;
				CLANG_CXX_LANGUAGE_STANDARD = "gnu++20";
				CLANG_ENABLE_MODULES = YES;
				CLANG_ENABLE_OBJC_ARC = YES;
				CLANG_ENABLE_OBJC_WEAK = YES;
				CLANG_WARN_BLOCK_CAPTURE_AUTORELEASING = YES;
				CLANG_WARN_BOOL_CONVERSION = YES;
				CLANG_WARN_COMMA = YES;
				CLANG_WARN_CONSTANT_CONVERSION = YES;
				CLANG_WARN_DEPRECATED_OBJC_IMPLEMENTATIONS = YES;
				CLANG_WARN_DIRECT_OBJC_ISA_USAGE = YES_ERROR;
				CLANG_WARN_DOCUMENTATION_COMMENTS = YES;
				CLANG_WARN_EMPTY_BODY = YES;
				CLANG_WARN_ENUM_CONVERSION = YES;
				CLANG_WARN_INFINITE_RECURSION = YES;
				CLANG_WARN_INT_CONVERSION = YES;
				CLANG_WARN_NON_LITERAL_NULL_CONVERSION = YES;
				CLANG_WARN_OBJC_IMPLICIT_RETAIN_SELF = YES;
				CLANG_WARN_OBJC_LITERAL_CONVERSION = YES;
				CLANG_WARN_OBJC_ROOT_CLASS = YES_ERROR;
				CLANG_WARN_QUOTED_INCLUDE_IN_FRAMEWORK_HEADER = YES;
				CLANG_WARN_RANGE_LOOP_ANALYSIS = YES;
				CLANG_WARN_STRICT_PROTOTYPES = YES;
				CLANG_WARN_SUSPICIOUS_MOVE = YES;
				CLANG_WARN_UNGUARDED_AVAILABILITY = YES_AGGRESSIVE;
				CLANG_WARN_UNREACHABLE_CODE = YES;
				CLANG_WARN__DUPLICATE_METHOD_MATCH = YES;
				COPY_PHASE_STRIP = NO;
				DEBUG_INFORMATION_FORMAT = "dwarf-with-dsym";
				ENABLE_NS_ASSERTIONS = NO;
				ENABLE_STRICT_OBJC_MSGSEND = YES;
				ENABLE_USER_SCRIPT_SANDBOXING = YES;
				GCC_C_LANGUAGE_STANDARD = gnu17;
				GCC_NO_COMMON_BLOCKS = YES;
				GCC_WARN_64_TO_32_BIT_CONVERSION = YES;
				GCC_WARN_ABOUT_RETURN_TYPE = YES_ERROR;
				GCC_WARN_UNDECLARED_SELECTOR = YES;
				GCC_WARN_UNINITIALIZED_AUTOS = YES_AGGRESSIVE;
				GCC_WARN_UNUSED_FUNCTION = YES;
				GCC_WARN_UNUSED_VARIABLE = YES;
				IPHONEOS_DEPLOYMENT_TARGET = 17.4;
				LOCALIZATION_PREFERS_STRING_CATALOGS = YES;
				MTL_ENABLE_DEBUG_INFO = NO;
				MTL_FAST_MATH = YES;
				SDKROOT = iphoneos;
				SWIFT_COMPILATION_MODE = wholemodule;
				VALIDATE_PRODUCT = YES;
			};
			name = Release;
		};
		BF9835632B9F572200F84785 /* Debug */ = {
			isa = XCBuildConfiguration;
			buildSettings = {
				ASSETCATALOG_COMPILER_APPICON_NAME = AppIcon;
				ASSETCATALOG_COMPILER_GLOBAL_ACCENT_COLOR_NAME = AccentColor;
				CODE_SIGN_STYLE = Automatic;
				CURRENT_PROJECT_VERSION = 1;
				DEVELOPMENT_ASSET_PATHS = "\"BRCApp/Preview Content\"";
				DEVELOPMENT_TEAM = DMG7RZ36L3;
				ENABLE_PREVIEWS = YES;
				GENERATE_INFOPLIST_FILE = YES;
				INFOPLIST_KEY_UIApplicationSceneManifest_Generation = YES;
				INFOPLIST_KEY_UIApplicationSupportsIndirectInputEvents = YES;
				INFOPLIST_KEY_UILaunchScreen_Generation = YES;
				INFOPLIST_KEY_UISupportedInterfaceOrientations_iPad = "UIInterfaceOrientationPortrait UIInterfaceOrientationPortraitUpsideDown UIInterfaceOrientationLandscapeLeft UIInterfaceOrientationLandscapeRight";
				INFOPLIST_KEY_UISupportedInterfaceOrientations_iPhone = "UIInterfaceOrientationPortrait UIInterfaceOrientationLandscapeLeft UIInterfaceOrientationLandscapeRight";
				LD_RUNPATH_SEARCH_PATHS = (
					"$(inherited)",
					"@executable_path/Frameworks",
				);
				MARKETING_VERSION = 1.0;
				PRODUCT_BUNDLE_IDENTIFIER = test.BRCApp;
				PRODUCT_NAME = "$(TARGET_NAME)";
				SUPPORTED_PLATFORMS = "iphoneos iphonesimulator";
				SUPPORTS_MACCATALYST = NO;
				SUPPORTS_MAC_DESIGNED_FOR_IPHONE_IPAD = NO;
				SUPPORTS_XR_DESIGNED_FOR_IPHONE_IPAD = NO;
				SWIFT_EMIT_LOC_STRINGS = YES;
				SWIFT_VERSION = 5.0;
				TARGETED_DEVICE_FAMILY = "1,2";
			};
			name = Debug;
		};
		BF9835642B9F572200F84785 /* Release */ = {
			isa = XCBuildConfiguration;
			buildSettings = {
				ASSETCATALOG_COMPILER_APPICON_NAME = AppIcon;
				ASSETCATALOG_COMPILER_GLOBAL_ACCENT_COLOR_NAME = AccentColor;
				CODE_SIGN_STYLE = Automatic;
				CURRENT_PROJECT_VERSION = 1;
				DEVELOPMENT_ASSET_PATHS = "\"BRCApp/Preview Content\"";
				DEVELOPMENT_TEAM = DMG7RZ36L3;
				ENABLE_PREVIEWS = YES;
				GENERATE_INFOPLIST_FILE = YES;
				INFOPLIST_KEY_UIApplicationSceneManifest_Generation = YES;
				INFOPLIST_KEY_UIApplicationSupportsIndirectInputEvents = YES;
				INFOPLIST_KEY_UILaunchScreen_Generation = YES;
				INFOPLIST_KEY_UISupportedInterfaceOrientations_iPad = "UIInterfaceOrientationPortrait UIInterfaceOrientationPortraitUpsideDown UIInterfaceOrientationLandscapeLeft UIInterfaceOrientationLandscapeRight";
				INFOPLIST_KEY_UISupportedInterfaceOrientations_iPhone = "UIInterfaceOrientationPortrait UIInterfaceOrientationLandscapeLeft UIInterfaceOrientationLandscapeRight";
				LD_RUNPATH_SEARCH_PATHS = (
					"$(inherited)",
					"@executable_path/Frameworks",
				);
				MARKETING_VERSION = 1.0;
				PRODUCT_BUNDLE_IDENTIFIER = test.BRCApp;
				PRODUCT_NAME = "$(TARGET_NAME)";
				SUPPORTED_PLATFORMS = "iphoneos iphonesimulator";
				SUPPORTS_MACCATALYST = NO;
				SUPPORTS_MAC_DESIGNED_FOR_IPHONE_IPAD = NO;
				SUPPORTS_XR_DESIGNED_FOR_IPHONE_IPAD = NO;
				SWIFT_EMIT_LOC_STRINGS = YES;
				SWIFT_VERSION = 5.0;
				TARGETED_DEVICE_FAMILY = "1,2";
			};
			name = Release;
		};
/* End XCBuildConfiguration section */

/* Begin XCConfigurationList section */
		BF98354F2B9F572100F84785 /* Build configuration list for PBXProject "BRCApp" */ = {
			isa = XCConfigurationList;
			buildConfigurations = (
				BF9835602B9F572200F84785 /* Debug */,
				BF9835612B9F572200F84785 /* Release */,
			);
			defaultConfigurationIsVisible = 0;
			defaultConfigurationName = Release;
		};
		BF9835622B9F572200F84785 /* Build configuration list for PBXNativeTarget "BRCApp" */ = {
			isa = XCConfigurationList;
			buildConfigurations = (
				BF9835632B9F572200F84785 /* Debug */,
				BF9835642B9F572200F84785 /* Release */,
			);
			defaultConfigurationIsVisible = 0;
			defaultConfigurationName = Release;
		};
/* End XCConfigurationList section */

/* Begin XCRemoteSwiftPackageReference section */
		BF9835762B9F5D2700F84785 /* XCRemoteSwiftPackageReference "firebase-ios-sdk" */ = {
			isa = XCRemoteSwiftPackageReference;
			repositoryURL = "https://github.com/firebase/firebase-ios-sdk";
			requirement = {
				kind = upToNextMajorVersion;
				minimumVersion = 10.22.1;
			};
		};
/* End XCRemoteSwiftPackageReference section */

/* Begin XCSwiftPackageProductDependency section */
		BF9835782B9F5D6000F84785 /* FirebaseAnalyticsSwift */ = {
			isa = XCSwiftPackageProductDependency;
			package = BF9835762B9F5D2700F84785 /* XCRemoteSwiftPackageReference "firebase-ios-sdk" */;
			productName = FirebaseAnalyticsSwift;
		};
		BF98357A2B9F5D6700F84785 /* FirebaseAnalytics */ = {
			isa = XCSwiftPackageProductDependency;
			package = BF9835762B9F5D2700F84785 /* XCRemoteSwiftPackageReference "firebase-ios-sdk" */;
			productName = FirebaseAnalytics;
		};
		BF98357C2B9F5D6D00F84785 /* FirebaseAnalyticsOnDeviceConversion */ = {
			isa = XCSwiftPackageProductDependency;
			package = BF9835762B9F5D2700F84785 /* XCRemoteSwiftPackageReference "firebase-ios-sdk" */;
			productName = FirebaseAnalyticsOnDeviceConversion;
		};
		BF98357E2B9F5D7200F84785 /* FirebaseAppCheck */ = {
			isa = XCSwiftPackageProductDependency;
			package = BF9835762B9F5D2700F84785 /* XCRemoteSwiftPackageReference "firebase-ios-sdk" */;
			productName = FirebaseAppCheck;
		};
		BF9835802B9F5D7600F84785 /* FirebaseAuth */ = {
			isa = XCSwiftPackageProductDependency;
			package = BF9835762B9F5D2700F84785 /* XCRemoteSwiftPackageReference "firebase-ios-sdk" */;
			productName = FirebaseAuth;
		};
		BF9835822B9F5D7C00F84785 /* FirebaseFirestore */ = {
			isa = XCSwiftPackageProductDependency;
			package = BF9835762B9F5D2700F84785 /* XCRemoteSwiftPackageReference "firebase-ios-sdk" */;
			productName = FirebaseFirestore;
		};
		BF9835842B9F5D8200F84785 /* FirebaseAnalyticsWithoutAdIdSupport */ = {
			isa = XCSwiftPackageProductDependency;
			package = BF9835762B9F5D2700F84785 /* XCRemoteSwiftPackageReference "firebase-ios-sdk" */;
			productName = FirebaseAnalyticsWithoutAdIdSupport;
		};
		BF9835862B9F5D8700F84785 /* FirebaseCrashlytics */ = {
			isa = XCSwiftPackageProductDependency;
			package = BF9835762B9F5D2700F84785 /* XCRemoteSwiftPackageReference "firebase-ios-sdk" */;
			productName = FirebaseCrashlytics;
		};
		BF9835882B9F5D9000F84785 /* FirebaseFirestoreSwift */ = {
			isa = XCSwiftPackageProductDependency;
			package = BF9835762B9F5D2700F84785 /* XCRemoteSwiftPackageReference "firebase-ios-sdk" */;
			productName = FirebaseFirestoreSwift;
		};
/* End XCSwiftPackageProductDependency section */
	};
	rootObject = BF98354C2B9F572100F84785 /* Project object */;
}
